// !$*UTF8*$!
{
	archiveVersion = 1;
	classes = {
	};
	objectVersion = 50;
	objects = {

/* Begin PBXBuildFile section */
		D036FE8E2656E2810006477A /* LoadingCell.xib in Resources */ = {isa = PBXBuildFile; fileRef = D036FE902656E2810006477A /* LoadingCell.xib */; };
		D036FE992656E5CF0006477A /* SearchResultCell.xib in Resources */ = {isa = PBXBuildFile; fileRef = D036FE9B2656E5CF0006477A /* SearchResultCell.xib */; };
		D03C29FC26432C8700F43884 /* UIImageView+DownloadImage.swift in Sources */ = {isa = PBXBuildFile; fileRef = D03C29FB26432C8700F43884 /* UIImageView+DownloadImage.swift */; };
		D056CA61262A1773009BBC4A /* AppDelegate.swift in Sources */ = {isa = PBXBuildFile; fileRef = D056CA60262A1773009BBC4A /* AppDelegate.swift */; };
		D056CA63262A1773009BBC4A /* SceneDelegate.swift in Sources */ = {isa = PBXBuildFile; fileRef = D056CA62262A1773009BBC4A /* SceneDelegate.swift */; };
		D056CA65262A1773009BBC4A /* SearchViewController.swift in Sources */ = {isa = PBXBuildFile; fileRef = D056CA64262A1773009BBC4A /* SearchViewController.swift */; };
		D056CA68262A1773009BBC4A /* Main.storyboard in Resources */ = {isa = PBXBuildFile; fileRef = D056CA66262A1773009BBC4A /* Main.storyboard */; };
		D056CA6A262A1775009BBC4A /* Assets.xcassets in Resources */ = {isa = PBXBuildFile; fileRef = D056CA69262A1775009BBC4A /* Assets.xcassets */; };
		D056CA79262C8846009BBC4A /* SearchResult.swift in Sources */ = {isa = PBXBuildFile; fileRef = D056CA78262C8846009BBC4A /* SearchResult.swift */; };
		D056CA80262E1148009BBC4A /* SearchResultCell.swift in Sources */ = {isa = PBXBuildFile; fileRef = D056CA7F262E1148009BBC4A /* SearchResultCell.swift */; };
		D0588CFA2644766900DE67C5 /* DetailViewController.swift in Sources */ = {isa = PBXBuildFile; fileRef = D0588CF92644766900DE67C5 /* DetailViewController.swift */; };
		D0588D0126481F4E00DE67C5 /* GradientView.swift in Sources */ = {isa = PBXBuildFile; fileRef = D0588D0026481F4E00DE67C5 /* GradientView.swift */; };
		D0588D0426483FA500DE67C5 /* BounceAnimationController.swift in Sources */ = {isa = PBXBuildFile; fileRef = D0588D0326483FA500DE67C5 /* BounceAnimationController.swift */; };
		D0588D072648458E00DE67C5 /* SlideOutAnimationController.swift in Sources */ = {isa = PBXBuildFile; fileRef = D0588D062648458E00DE67C5 /* SlideOutAnimationController.swift */; };
		D0588D0A2648522D00DE67C5 /* LandscapeViewController.swift in Sources */ = {isa = PBXBuildFile; fileRef = D0588D092648522D00DE67C5 /* LandscapeViewController.swift */; };
		D0588D0D2649BA0E00DE67C5 /* FadeOutAnimationController.swift in Sources */ = {isa = PBXBuildFile; fileRef = D0588D0C2649BA0E00DE67C5 /* FadeOutAnimationController.swift */; };
		D0588D10264C550900DE67C5 /* Search.swift in Sources */ = {isa = PBXBuildFile; fileRef = D0588D0F264C550900DE67C5 /* Search.swift */; };
		D06EB9452666D49100F09A04 /* MenuViewController.swift in Sources */ = {isa = PBXBuildFile; fileRef = D06EB9442666D49100F09A04 /* MenuViewController.swift */; };
		D0D4D4E9265A7E9C006A2506 /* InfoPlist.strings in Resources */ = {isa = PBXBuildFile; fileRef = D0D4D4EB265A7E9C006A2506 /* InfoPlist.strings */; };
		D0D9B55B265A766400663270 /* Localizable.strings in Resources */ = {isa = PBXBuildFile; fileRef = D0D9B55D265A766400663270 /* Localizable.strings */; };
		D0FC92372656DE7A008E44BE /* NothingFoundCell.xib in Resources */ = {isa = PBXBuildFile; fileRef = D0FC92392656DE7A008E44BE /* NothingFoundCell.xib */; };
/* End PBXBuildFile section */

/* Begin PBXFileReference section */
		D036FE8F2656E2810006477A /* Base */ = {isa = PBXFileReference; lastKnownFileType = file.xib; name = Base; path = Base.lproj/LoadingCell.xib; sourceTree = "<group>"; };
		D036FE932656E2A00006477A /* ru */ = {isa = PBXFileReference; lastKnownFileType = text.plist.strings; name = ru; path = ru.lproj/LoadingCell.strings; sourceTree = "<group>"; };
		D036FE972656E4600006477A /* ru */ = {isa = PBXFileReference; lastKnownFileType = text.plist.strings; name = ru; path = ru.lproj/Main.strings; sourceTree = "<group>"; };
		D036FE9A2656E5CF0006477A /* Base */ = {isa = PBXFileReference; lastKnownFileType = file.xib; name = Base; path = Base.lproj/SearchResultCell.xib; sourceTree = "<group>"; };
		D03C29FB26432C8700F43884 /* UIImageView+DownloadImage.swift */ = {isa = PBXFileReference; lastKnownFileType = sourcecode.swift; path = "UIImageView+DownloadImage.swift"; sourceTree = "<group>"; };
		D056CA5D262A1773009BBC4A /* SearchTestApp.app */ = {isa = PBXFileReference; explicitFileType = wrapper.application; includeInIndex = 0; path = SearchTestApp.app; sourceTree = BUILT_PRODUCTS_DIR; };
		D056CA60262A1773009BBC4A /* AppDelegate.swift */ = {isa = PBXFileReference; lastKnownFileType = sourcecode.swift; path = AppDelegate.swift; sourceTree = "<group>"; };
		D056CA62262A1773009BBC4A /* SceneDelegate.swift */ = {isa = PBXFileReference; lastKnownFileType = sourcecode.swift; path = SceneDelegate.swift; sourceTree = "<group>"; };
		D056CA64262A1773009BBC4A /* SearchViewController.swift */ = {isa = PBXFileReference; lastKnownFileType = sourcecode.swift; path = SearchViewController.swift; sourceTree = "<group>"; };
		D056CA67262A1773009BBC4A /* Base */ = {isa = PBXFileReference; lastKnownFileType = file.storyboard; name = Base; path = Base.lproj/Main.storyboard; sourceTree = "<group>"; };
		D056CA69262A1775009BBC4A /* Assets.xcassets */ = {isa = PBXFileReference; lastKnownFileType = folder.assetcatalog; path = Assets.xcassets; sourceTree = "<group>"; };
		D056CA6E262A1775009BBC4A /* Info.plist */ = {isa = PBXFileReference; lastKnownFileType = text.plist.xml; path = Info.plist; sourceTree = "<group>"; };
		D056CA78262C8846009BBC4A /* SearchResult.swift */ = {isa = PBXFileReference; lastKnownFileType = sourcecode.swift; path = SearchResult.swift; sourceTree = "<group>"; };
		D056CA7F262E1148009BBC4A /* SearchResultCell.swift */ = {isa = PBXFileReference; lastKnownFileType = sourcecode.swift; path = SearchResultCell.swift; sourceTree = "<group>"; };
		D0588CF92644766900DE67C5 /* DetailViewController.swift */ = {isa = PBXFileReference; lastKnownFileType = sourcecode.swift; path = DetailViewController.swift; sourceTree = "<group>"; };
		D0588D0026481F4E00DE67C5 /* GradientView.swift */ = {isa = PBXFileReference; lastKnownFileType = sourcecode.swift; path = GradientView.swift; sourceTree = "<group>"; };
		D0588D0326483FA500DE67C5 /* BounceAnimationController.swift */ = {isa = PBXFileReference; lastKnownFileType = sourcecode.swift; path = BounceAnimationController.swift; sourceTree = "<group>"; };
		D0588D062648458E00DE67C5 /* SlideOutAnimationController.swift */ = {isa = PBXFileReference; lastKnownFileType = sourcecode.swift; path = SlideOutAnimationController.swift; sourceTree = "<group>"; };
		D0588D092648522D00DE67C5 /* LandscapeViewController.swift */ = {isa = PBXFileReference; lastKnownFileType = sourcecode.swift; path = LandscapeViewController.swift; sourceTree = "<group>"; };
		D0588D0C2649BA0E00DE67C5 /* FadeOutAnimationController.swift */ = {isa = PBXFileReference; lastKnownFileType = sourcecode.swift; path = FadeOutAnimationController.swift; sourceTree = "<group>"; };
		D0588D0F264C550900DE67C5 /* Search.swift */ = {isa = PBXFileReference; lastKnownFileType = sourcecode.swift; path = Search.swift; sourceTree = "<group>"; };
		D06EB9422663D08300F09A04 /* en */ = {isa = PBXFileReference; lastKnownFileType = text.plist.strings; name = en; path = en.lproj/Main.strings; sourceTree = "<group>"; };
		D06EB9442666D49100F09A04 /* MenuViewController.swift */ = {isa = PBXFileReference; lastKnownFileType = sourcecode.swift; path = MenuViewController.swift; sourceTree = "<group>"; };
		D0D4D4EA265A7E9C006A2506 /* en */ = {isa = PBXFileReference; lastKnownFileType = text.plist.strings; name = en; path = en.lproj/InfoPlist.strings; sourceTree = "<group>"; };
		D0D4D4ED265A7E9E006A2506 /* ru */ = {isa = PBXFileReference; lastKnownFileType = text.plist.strings; name = ru; path = ru.lproj/InfoPlist.strings; sourceTree = "<group>"; };
		D0D9B55C265A766400663270 /* en */ = {isa = PBXFileReference; lastKnownFileType = text.plist.strings; name = en; path = en.lproj/Localizable.strings; sourceTree = "<group>"; };
		D0D9B55F265A77B700663270 /* ru */ = {isa = PBXFileReference; lastKnownFileType = text.plist.strings; name = ru; path = ru.lproj/Localizable.strings; sourceTree = "<group>"; };
		D0FC92382656DE7A008E44BE /* en */ = {isa = PBXFileReference; lastKnownFileType = file.xib; name = en; path = en.lproj/NothingFoundCell.xib; sourceTree = "<group>"; };
		D0FC923E2656E19A008E44BE /* ru */ = {isa = PBXFileReference; lastKnownFileType = file.xib; name = ru; path = ru.lproj/NothingFoundCell.xib; sourceTree = "<group>"; };
/* End PBXFileReference section */

/* Begin PBXFrameworksBuildPhase section */
		D056CA5A262A1773009BBC4A /* Frameworks */ = {
			isa = PBXFrameworksBuildPhase;
			buildActionMask = 2147483647;
			files = (
			);
			runOnlyForDeploymentPostprocessing = 0;
		};
/* End PBXFrameworksBuildPhase section */

/* Begin PBXGroup section */
		D056CA54262A1772009BBC4A = {
			isa = PBXGroup;
			children = (
				D056CA5F262A1773009BBC4A /* SearchTestApp */,
				D056CA5E262A1773009BBC4A /* Products */,
			);
			sourceTree = "<group>";
		};
		D056CA5E262A1773009BBC4A /* Products */ = {
			isa = PBXGroup;
			children = (
				D056CA5D262A1773009BBC4A /* SearchTestApp.app */,
			);
			name = Products;
			sourceTree = "<group>";
		};
		D056CA5F262A1773009BBC4A /* SearchTestApp */ = {
			isa = PBXGroup;
			children = (
				D0588D0F264C550900DE67C5 /* Search.swift */,
				D056CA60262A1773009BBC4A /* AppDelegate.swift */,
				D056CA62262A1773009BBC4A /* SceneDelegate.swift */,
				D056CA64262A1773009BBC4A /* SearchViewController.swift */,
				D03C29FB26432C8700F43884 /* UIImageView+DownloadImage.swift */,
				D0588CF92644766900DE67C5 /* DetailViewController.swift */,
				D056CA69262A1775009BBC4A /* Assets.xcassets */,
				D056CA6E262A1775009BBC4A /* Info.plist */,
				D056CA78262C8846009BBC4A /* SearchResult.swift */,
				D036FE9B2656E5CF0006477A /* SearchResultCell.xib */,
				D056CA7F262E1148009BBC4A /* SearchResultCell.swift */,
				D056CA66262A1773009BBC4A /* Main.storyboard */,
				D0FC92392656DE7A008E44BE /* NothingFoundCell.xib */,
				D036FE902656E2810006477A /* LoadingCell.xib */,
				D0588D0026481F4E00DE67C5 /* GradientView.swift */,
				D0588D0326483FA500DE67C5 /* BounceAnimationController.swift */,
				D0588D062648458E00DE67C5 /* SlideOutAnimationController.swift */,
				D0588D092648522D00DE67C5 /* LandscapeViewController.swift */,
				D0588D0C2649BA0E00DE67C5 /* FadeOutAnimationController.swift */,
				D0D9B55D265A766400663270 /* Localizable.strings */,
				D0D4D4EB265A7E9C006A2506 /* InfoPlist.strings */,
				D06EB9442666D49100F09A04 /* MenuViewController.swift */,
			);
			path = SearchTestApp;
			sourceTree = "<group>";
		};
/* End PBXGroup section */

/* Begin PBXNativeTarget section */
		D056CA5C262A1773009BBC4A /* SearchTestApp */ = {
			isa = PBXNativeTarget;
			buildConfigurationList = D056CA71262A1775009BBC4A /* Build configuration list for PBXNativeTarget "SearchTestApp" */;
			buildPhases = (
				D056CA59262A1773009BBC4A /* Sources */,
				D056CA5A262A1773009BBC4A /* Frameworks */,
				D056CA5B262A1773009BBC4A /* Resources */,
			);
			buildRules = (
			);
			dependencies = (
			);
			name = SearchTestApp;
			productName = SearchTestApp;
			productReference = D056CA5D262A1773009BBC4A /* SearchTestApp.app */;
			productType = "com.apple.product-type.application";
		};
/* End PBXNativeTarget section */

/* Begin PBXProject section */
		D056CA55262A1772009BBC4A /* Project object */ = {
			isa = PBXProject;
			attributes = {
				LastSwiftUpdateCheck = 1240;
				LastUpgradeCheck = 1240;
				TargetAttributes = {
					D056CA5C262A1773009BBC4A = {
						CreatedOnToolsVersion = 12.4;
					};
				};
			};
			buildConfigurationList = D056CA58262A1772009BBC4A /* Build configuration list for PBXProject "SearchTestApp" */;
			compatibilityVersion = "Xcode 9.3";
			developmentRegion = en;
			hasScannedForEncodings = 0;
			knownRegions = (
				en,
				Base,
				ru,
			);
			mainGroup = D056CA54262A1772009BBC4A;
			productRefGroup = D056CA5E262A1773009BBC4A /* Products */;
			projectDirPath = "";
			projectRoot = "";
			targets = (
				D056CA5C262A1773009BBC4A /* SearchTestApp */,
			);
		};
/* End PBXProject section */

/* Begin PBXResourcesBuildPhase section */
		D056CA5B262A1773009BBC4A /* Resources */ = {
			isa = PBXResourcesBuildPhase;
			buildActionMask = 2147483647;
			files = (
				D056CA6A262A1775009BBC4A /* Assets.xcassets in Resources */,
				D0D4D4E9265A7E9C006A2506 /* InfoPlist.strings in Resources */,
				D0D9B55B265A766400663270 /* Localizable.strings in Resources */,
				D036FE8E2656E2810006477A /* LoadingCell.xib in Resources */,
				D036FE992656E5CF0006477A /* SearchResultCell.xib in Resources */,
				D0FC92372656DE7A008E44BE /* NothingFoundCell.xib in Resources */,
				D056CA68262A1773009BBC4A /* Main.storyboard in Resources */,
			);
			runOnlyForDeploymentPostprocessing = 0;
		};
/* End PBXResourcesBuildPhase section */

/* Begin PBXSourcesBuildPhase section */
		D056CA59262A1773009BBC4A /* Sources */ = {
			isa = PBXSourcesBuildPhase;
			buildActionMask = 2147483647;
			files = (
				D0588D10264C550900DE67C5 /* Search.swift in Sources */,
				D056CA65262A1773009BBC4A /* SearchViewController.swift in Sources */,
				D056CA61262A1773009BBC4A /* AppDelegate.swift in Sources */,
				D06EB9452666D49100F09A04 /* MenuViewController.swift in Sources */,
				D0588D0D2649BA0E00DE67C5 /* FadeOutAnimationController.swift in Sources */,
				D03C29FC26432C8700F43884 /* UIImageView+DownloadImage.swift in Sources */,
				D056CA79262C8846009BBC4A /* SearchResult.swift in Sources */,
				D0588D0426483FA500DE67C5 /* BounceAnimationController.swift in Sources */,
				D0588D0A2648522D00DE67C5 /* LandscapeViewController.swift in Sources */,
				D056CA63262A1773009BBC4A /* SceneDelegate.swift in Sources */,
				D056CA80262E1148009BBC4A /* SearchResultCell.swift in Sources */,
				D0588D0126481F4E00DE67C5 /* GradientView.swift in Sources */,
				D0588CFA2644766900DE67C5 /* DetailViewController.swift in Sources */,
				D0588D072648458E00DE67C5 /* SlideOutAnimationController.swift in Sources */,
			);
			runOnlyForDeploymentPostprocessing = 0;
		};
/* End PBXSourcesBuildPhase section */

/* Begin PBXVariantGroup section */
		D036FE902656E2810006477A /* LoadingCell.xib */ = {
			isa = PBXVariantGroup;
			children = (
				D036FE8F2656E2810006477A /* Base */,
				D036FE932656E2A00006477A /* ru */,
			);
			name = LoadingCell.xib;
			sourceTree = "<group>";
		};
		D036FE9B2656E5CF0006477A /* SearchResultCell.xib */ = {
			isa = PBXVariantGroup;
			children = (
				D036FE9A2656E5CF0006477A /* Base */,
			);
			name = SearchResultCell.xib;
			sourceTree = "<group>";
		};
		D056CA66262A1773009BBC4A /* Main.storyboard */ = {
			isa = PBXVariantGroup;
			children = (
				D056CA67262A1773009BBC4A /* Base */,
				D036FE972656E4600006477A /* ru */,
				D06EB9422663D08300F09A04 /* en */,
			);
			name = Main.storyboard;
			sourceTree = "<group>";
		};
		D0D4D4EB265A7E9C006A2506 /* InfoPlist.strings */ = {
			isa = PBXVariantGroup;
			children = (
				D0D4D4EA265A7E9C006A2506 /* en */,
				D0D4D4ED265A7E9E006A2506 /* ru */,
			);
			name = InfoPlist.strings;
			sourceTree = "<group>";
		};
		D0D9B55D265A766400663270 /* Localizable.strings */ = {
			isa = PBXVariantGroup;
			children = (
				D0D9B55C265A766400663270 /* en */,
				D0D9B55F265A77B700663270 /* ru */,
			);
			name = Localizable.strings;
			sourceTree = "<group>";
		};
		D0FC92392656DE7A008E44BE /* NothingFoundCell.xib */ = {
			isa = PBXVariantGroup;
			children = (
				D0FC92382656DE7A008E44BE /* en */,
				D0FC923E2656E19A008E44BE /* ru */,
			);
			name = NothingFoundCell.xib;
			sourceTree = "<group>";
		};
/* End PBXVariantGroup section */

/* Begin XCBuildConfiguration section */
		D056CA6F262A1775009BBC4A /* Debug */ = {
			isa = XCBuildConfiguration;
			buildSettings = {
				ALWAYS_SEARCH_USER_PATHS = NO;
				CLANG_ANALYZER_LOCALIZABILITY_NONLOCALIZED = YES;
				CLANG_ANALYZER_NONNULL = YES;
				CLANG_ANALYZER_NUMBER_OBJECT_CONVERSION = YES_AGGRESSIVE;
				CLANG_CXX_LANGUAGE_STANDARD = "gnu++14";
				CLANG_CXX_LIBRARY = "libc++";
				CLANG_ENABLE_MODULES = YES;
				CLANG_ENABLE_OBJC_ARC = YES;
				CLANG_ENABLE_OBJC_WEAK = YES;
				CLANG_WARN_BLOCK_CAPTURE_AUTORELEASING = YES;
				CLANG_WARN_BOOL_CONVERSION = YES;
				CLANG_WARN_COMMA = YES;
				CLANG_WARN_CONSTANT_CONVERSION = YES;
				CLANG_WARN_DEPRECATED_OBJC_IMPLEMENTATIONS = YES;
				CLANG_WARN_DIRECT_OBJC_ISA_USAGE = YES_ERROR;
				CLANG_WARN_DOCUMENTATION_COMMENTS = YES;
				CLANG_WARN_EMPTY_BODY = YES;
				CLANG_WARN_ENUM_CONVERSION = YES;
				CLANG_WARN_INFINITE_RECURSION = YES;
				CLANG_WARN_INT_CONVERSION = YES;
				CLANG_WARN_NON_LITERAL_NULL_CONVERSION = YES;
				CLANG_WARN_OBJC_IMPLICIT_RETAIN_SELF = YES;
				CLANG_WARN_OBJC_LITERAL_CONVERSION = YES;
				CLANG_WARN_OBJC_ROOT_CLASS = YES_ERROR;
				CLANG_WARN_QUOTED_INCLUDE_IN_FRAMEWORK_HEADER = YES;
				CLANG_WARN_RANGE_LOOP_ANALYSIS = YES;
				CLANG_WARN_STRICT_PROTOTYPES = YES;
				CLANG_WARN_SUSPICIOUS_MOVE = YES;
				CLANG_WARN_UNGUARDED_AVAILABILITY = YES_AGGRESSIVE;
				CLANG_WARN_UNREACHABLE_CODE = YES;
				CLANG_WARN__DUPLICATE_METHOD_MATCH = YES;
				COPY_PHASE_STRIP = NO;
				DEBUG_INFORMATION_FORMAT = dwarf;
				ENABLE_STRICT_OBJC_MSGSEND = YES;
				ENABLE_TESTABILITY = YES;
				GCC_C_LANGUAGE_STANDARD = gnu11;
				GCC_DYNAMIC_NO_PIC = NO;
				GCC_NO_COMMON_BLOCKS = YES;
				GCC_OPTIMIZATION_LEVEL = 0;
				GCC_PREPROCESSOR_DEFINITIONS = (
					"DEBUG=1",
					"$(inherited)",
				);
				GCC_WARN_64_TO_32_BIT_CONVERSION = YES;
				GCC_WARN_ABOUT_RETURN_TYPE = YES_ERROR;
				GCC_WARN_UNDECLARED_SELECTOR = YES;
				GCC_WARN_UNINITIALIZED_AUTOS = YES_AGGRESSIVE;
				GCC_WARN_UNUSED_FUNCTION = YES;
				GCC_WARN_UNUSED_VARIABLE = YES;
				IPHONEOS_DEPLOYMENT_TARGET = 14.4;
				MTL_ENABLE_DEBUG_INFO = INCLUDE_SOURCE;
				MTL_FAST_MATH = YES;
				ONLY_ACTIVE_ARCH = YES;
				SDKROOT = iphoneos;
				SWIFT_ACTIVE_COMPILATION_CONDITIONS = DEBUG;
				SWIFT_OPTIMIZATION_LEVEL = "-Onone";
			};
			name = Debug;
		};
		D056CA70262A1775009BBC4A /* Release */ = {
			isa = XCBuildConfiguration;
			buildSettings = {
				ALWAYS_SEARCH_USER_PATHS = NO;
				CLANG_ANALYZER_LOCALIZABILITY_NONLOCALIZED = YES;
				CLANG_ANALYZER_NONNULL = YES;
				CLANG_ANALYZER_NUMBER_OBJECT_CONVERSION = YES_AGGRESSIVE;
				CLANG_CXX_LANGUAGE_STANDARD = "gnu++14";
				CLANG_CXX_LIBRARY = "libc++";
				CLANG_ENABLE_MODULES = YES;
				CLANG_ENABLE_OBJC_ARC = YES;
				CLANG_ENABLE_OBJC_WEAK = YES;
				CLANG_WARN_BLOCK_CAPTURE_AUTORELEASING = YES;
				CLANG_WARN_BOOL_CONVERSION = YES;
				CLANG_WARN_COMMA = YES;
				CLANG_WARN_CONSTANT_CONVERSION = YES;
				CLANG_WARN_DEPRECATED_OBJC_IMPLEMENTATIONS = YES;
				CLANG_WARN_DIRECT_OBJC_ISA_USAGE = YES_ERROR;
				CLANG_WARN_DOCUMENTATION_COMMENTS = YES;
				CLANG_WARN_EMPTY_BODY = YES;
				CLANG_WARN_ENUM_CONVERSION = YES;
				CLANG_WARN_INFINITE_RECURSION = YES;
				CLANG_WARN_INT_CONVERSION = YES;
				CLANG_WARN_NON_LITERAL_NULL_CONVERSION = YES;
				CLANG_WARN_OBJC_IMPLICIT_RETAIN_SELF = YES;
				CLANG_WARN_OBJC_LITERAL_CONVERSION = YES;
				CLANG_WARN_OBJC_ROOT_CLASS = YES_ERROR;
				CLANG_WARN_QUOTED_INCLUDE_IN_FRAMEWORK_HEADER = YES;
				CLANG_WARN_RANGE_LOOP_ANALYSIS = YES;
				CLANG_WARN_STRICT_PROTOTYPES = YES;
				CLANG_WARN_SUSPICIOUS_MOVE = YES;
				CLANG_WARN_UNGUARDED_AVAILABILITY = YES_AGGRESSIVE;
				CLANG_WARN_UNREACHABLE_CODE = YES;
				CLANG_WARN__DUPLICATE_METHOD_MATCH = YES;
				COPY_PHASE_STRIP = NO;
				DEBUG_INFORMATION_FORMAT = "dwarf-with-dsym";
				ENABLE_NS_ASSERTIONS = NO;
				ENABLE_STRICT_OBJC_MSGSEND = YES;
				GCC_C_LANGUAGE_STANDARD = gnu11;
				GCC_NO_COMMON_BLOCKS = YES;
				GCC_WARN_64_TO_32_BIT_CONVERSION = YES;
				GCC_WARN_ABOUT_RETURN_TYPE = YES_ERROR;
				GCC_WARN_UNDECLARED_SELECTOR = YES;
				GCC_WARN_UNINITIALIZED_AUTOS = YES_AGGRESSIVE;
				GCC_WARN_UNUSED_FUNCTION = YES;
				GCC_WARN_UNUSED_VARIABLE = YES;
				IPHONEOS_DEPLOYMENT_TARGET = 14.4;
				MTL_ENABLE_DEBUG_INFO = NO;
				MTL_FAST_MATH = YES;
				SDKROOT = iphoneos;
				SWIFT_COMPILATION_MODE = wholemodule;
				SWIFT_OPTIMIZATION_LEVEL = "-O";
				VALIDATE_PRODUCT = YES;
			};
			name = Release;
		};
		D056CA72262A1775009BBC4A /* Debug */ = {
			isa = XCBuildConfiguration;
			buildSettings = {
				ASSETCATALOG_COMPILER_APPICON_NAME = AppIcon;
				ASSETCATALOG_COMPILER_GLOBAL_ACCENT_COLOR_NAME = AccentColor;
				CODE_SIGN_STYLE = Automatic;
				INFOPLIST_FILE = SearchTestApp/Info.plist;
				LD_RUNPATH_SEARCH_PATHS = (
					"$(inherited)",
					"@executable_path/Frameworks",
				);
				PRODUCT_BUNDLE_IDENTIFIER = org.org.SearchTestApp;
				PRODUCT_NAME = "$(TARGET_NAME)";
				SWIFT_VERSION = 5.0;
				TARGETED_DEVICE_FAMILY = "1,2";
			};
			name = Debug;
		};
		D056CA73262A1775009BBC4A /* Release */ = {
			isa = XCBuildConfiguration;
			buildSettings = {
				ASSETCATALOG_COMPILER_APPICON_NAME = AppIcon;
				ASSETCATALOG_COMPILER_GLOBAL_ACCENT_COLOR_NAME = AccentColor;
				CODE_SIGN_STYLE = Automatic;
				INFOPLIST_FILE = SearchTestApp/Info.plist;
				LD_RUNPATH_SEARCH_PATHS = (
					"$(inherited)",
					"@executable_path/Frameworks",
				);
				PRODUCT_BUNDLE_IDENTIFIER = org.org.SearchTestApp;
				PRODUCT_NAME = "$(TARGET_NAME)";
				SWIFT_VERSION = 5.0;
				TARGETED_DEVICE_FAMILY = "1,2";
			};
			name = Release;
		};
/* End XCBuildConfiguration section */

/* Begin XCConfigurationList section */
		D056CA58262A1772009BBC4A /* Build configuration list for PBXProject "SearchTestApp" */ = {
			isa = XCConfigurationList;
			buildConfigurations = (
				D056CA6F262A1775009BBC4A /* Debug */,
				D056CA70262A1775009BBC4A /* Release */,
			);
			defaultConfigurationIsVisible = 0;
			defaultConfigurationName = Release;
		};
		D056CA71262A1775009BBC4A /* Build configuration list for PBXNativeTarget "SearchTestApp" */ = {
			isa = XCConfigurationList;
			buildConfigurations = (
				D056CA72262A1775009BBC4A /* Debug */,
				D056CA73262A1775009BBC4A /* Release */,
			);
			defaultConfigurationIsVisible = 0;
			defaultConfigurationName = Release;
		};
/* End XCConfigurationList section */
	};
	rootObject = D056CA55262A1772009BBC4A /* Project object */;
}
